
Microsoft Visual Studio Solution File, Format Version 12.00
# Visual Studio Version 16
VisualStudioVersion = 16.0.30114.105
MinimumVisualStudioVersion = 10.0.40219.1
Project("{FAE04EC0-301F-11D3-BF4B-00C04F79EFBC}") = "music_player_app", "music_player_app.csproj", "{43542128-1CA5-4B38-BE02-CDFCEA6516F5}"
EndProject
Global
	GlobalSection(SolutionConfigurationPlatforms) = preSolution
		Debug|Any CPU = Debug|Any CPU
		Release|Any CPU = Release|Any CPU
	EndGlobalSection
	GlobalSection(ProjectConfigurationPlatforms) = postSolution
		{43542128-1CA5-4B38-BE02-CDFCEA6516F5}.Debug|Any CPU.ActiveCfg = Debug|Any CPU
		{43542128-1CA5-4B38-BE02-CDFCEA6516F5}.Debug|Any CPU.Build.0 = Debug|Any CPU
		{43542128-1CA5-4B38-BE02-CDFCEA6516F5}.Release|Any CPU.ActiveCfg = Release|Any CPU
		{43542128-1CA5-4B38-BE02-CDFCEA6516F5}.Release|Any CPU.Build.0 = Release|Any CPU
	EndGlobalSection
	GlobalSection(SolutionProperties) = preSolution
		HideSolutionNode = FALSE
	EndGlobalSection
	GlobalSection(ExtensibilityGlobals) = postSolution
		SolutionGuid = {0AF392C5-6D36-412A-8D39-51E4913FC16A}
	EndGlobalSection
EndGlobal
